{
  "name": "ajs-2",
  "version": "1.0.0",
  "lockfileVersion": 3,
  "requires": true,
  "packages": {
    "": {
      "name": "ajs-2",
      "version": "1.0.0",
      "license": "ISC",
      "dependencies": {
        "@futureofmankind/ajs": "^1.0.0"
      }
    },
    "node_modules/@futureofmankind/ajs": {
      "version": "1.0.0",
      "resolved": "https://npm.pkg.github.com/download/@futureofmankind/ajs/1.0.0/7faafded51629b4796e3e5990280cf200f5e916c",
      "integrity": "sha512-mNZT/1JMoiXy10k66x5/HgX7UBppw85ITNnLd+qnXKJdbVtGK54qxRaQ5Py6VQkwm6Z9RV5Vys9gchwrA/W0cQ==",
      "license": "ISC"
    }
  }
}
